// !$*UTF8*$!
{
	archiveVersion = 1;
	classes = {
	};
	objectVersion = 56;
	objects = {

/* Begin PBXBuildFile section */
		711BB3832B2D48E7008622EF /* SCMPTestApp.swift in Sources */ = {isa = PBXBuildFile; fileRef = 711BB3822B2D48E7008622EF /* SCMPTestApp.swift */; };
		711BB3852B2D48E7008622EF /* LoginView.swift in Sources */ = {isa = PBXBuildFile; fileRef = 711BB3842B2D48E7008622EF /* LoginView.swift */; };
		711BB3872B2D48E9008622EF /* Assets.xcassets in Resources */ = {isa = PBXBuildFile; fileRef = 711BB3862B2D48E9008622EF /* Assets.xcassets */; };
		711BB38A2B2D48E9008622EF /* Preview Assets.xcassets in Resources */ = {isa = PBXBuildFile; fileRef = 711BB3892B2D48E9008622EF /* Preview Assets.xcassets */; };
		711BB3952B2D49DA008622EF /* AppPath.swift in Sources */ = {isa = PBXBuildFile; fileRef = 711BB3942B2D49DA008622EF /* AppPath.swift */; };
		711BB3972B2D4A50008622EF /* AppRouter.swift in Sources */ = {isa = PBXBuildFile; fileRef = 711BB3962B2D4A50008622EF /* AppRouter.swift */; };
		711BB3992B2D503F008622EF /* LoginViewModel.swift in Sources */ = {isa = PBXBuildFile; fileRef = 711BB3982B2D503F008622EF /* LoginViewModel.swift */; };
		711BB39C2B2D5427008622EF /* Extension+View.swift in Sources */ = {isa = PBXBuildFile; fileRef = 711BB39B2B2D5427008622EF /* Extension+View.swift */; };
		711BB39F2B2D6633008622EF /* APIEndpoint.swift in Sources */ = {isa = PBXBuildFile; fileRef = 711BB39E2B2D6633008622EF /* APIEndpoint.swift */; };
		711BB3A12B2D68BA008622EF /* APIManager.swift in Sources */ = {isa = PBXBuildFile; fileRef = 711BB3A02B2D68BA008622EF /* APIManager.swift */; };
		711BB3A42B2D6C9A008622EF /* LoginRepository.swift in Sources */ = {isa = PBXBuildFile; fileRef = 711BB3A32B2D6C9A008622EF /* LoginRepository.swift */; };
		711BB3A72B2D6CC5008622EF /* LoginModel.swift in Sources */ = {isa = PBXBuildFile; fileRef = 711BB3A62B2D6CC5008622EF /* LoginModel.swift */; };
		711BB3AD2B2D7C34008622EF /* UsersView.swift in Sources */ = {isa = PBXBuildFile; fileRef = 711BB3AC2B2D7C34008622EF /* UsersView.swift */; };
		711BB3AF2B2D7C44008622EF /* UsersViewModel.swift in Sources */ = {isa = PBXBuildFile; fileRef = 711BB3AE2B2D7C44008622EF /* UsersViewModel.swift */; };
		711BB3B12B2D84C8008622EF /* UsersRepository.swift in Sources */ = {isa = PBXBuildFile; fileRef = 711BB3B02B2D84C8008622EF /* UsersRepository.swift */; };
		711BB3B32B2D84FA008622EF /* UsersModel.swift in Sources */ = {isa = PBXBuildFile; fileRef = 711BB3B22B2D84FA008622EF /* UsersModel.swift */; };
		711BB3BE2B2D95A2008622EF /* SCMPTestTests.swift in Sources */ = {isa = PBXBuildFile; fileRef = 711BB3BD2B2D95A2008622EF /* SCMPTestTests.swift */; };
		711BB3C52B2D984F008622EF /* MockManger.swift in Sources */ = {isa = PBXBuildFile; fileRef = 711BB3C42B2D984F008622EF /* MockManger.swift */; };
		711BB3C92B2D98EE008622EF /* MockUser.json in Resources */ = {isa = PBXBuildFile; fileRef = 711BB3C72B2D98EE008622EF /* MockUser.json */; };
		711BB3CA2B2D98EE008622EF /* MockLogin.json in Resources */ = {isa = PBXBuildFile; fileRef = 711BB3C82B2D98EE008622EF /* MockLogin.json */; };
		711BB3CF2B2DA701008622EF /* ImageHelper.swift in Sources */ = {isa = PBXBuildFile; fileRef = 711BB3CE2B2DA701008622EF /* ImageHelper.swift */; };
/* End PBXBuildFile section */

/* Begin PBXContainerItemProxy section */
		711BB3BF2B2D95A2008622EF /* PBXContainerItemProxy */ = {
			isa = PBXContainerItemProxy;
			containerPortal = 711BB3772B2D48E7008622EF /* Project object */;
			proxyType = 1;
			remoteGlobalIDString = 711BB37E2B2D48E7008622EF;
			remoteInfo = SCMPTest;
		};
/* End PBXContainerItemProxy section */

/* Begin PBXFileReference section */
		711BB37F2B2D48E7008622EF /* SCMPTest.app */ = {isa = PBXFileReference; explicitFileType = wrapper.application; includeInIndex = 0; path = SCMPTest.app; sourceTree = BUILT_PRODUCTS_DIR; };
		711BB3822B2D48E7008622EF /* SCMPTestApp.swift */ = {isa = PBXFileReference; lastKnownFileType = sourcecode.swift; path = SCMPTestApp.swift; sourceTree = "<group>"; };
		711BB3842B2D48E7008622EF /* LoginView.swift */ = {isa = PBXFileReference; lastKnownFileType = sourcecode.swift; path = LoginView.swift; sourceTree = "<group>"; };
		711BB3862B2D48E9008622EF /* Assets.xcassets */ = {isa = PBXFileReference; lastKnownFileType = folder.assetcatalog; path = Assets.xcassets; sourceTree = "<group>"; };
		711BB3892B2D48E9008622EF /* Preview Assets.xcassets */ = {isa = PBXFileReference; lastKnownFileType = folder.assetcatalog; path = "Preview Assets.xcassets"; sourceTree = "<group>"; };
		711BB3942B2D49DA008622EF /* AppPath.swift */ = {isa = PBXFileReference; lastKnownFileType = sourcecode.swift; path = AppPath.swift; sourceTree = "<group>"; };
		711BB3962B2D4A50008622EF /* AppRouter.swift */ = {isa = PBXFileReference; lastKnownFileType = sourcecode.swift; path = AppRouter.swift; sourceTree = "<group>"; };
		711BB3982B2D503F008622EF /* LoginViewModel.swift */ = {isa = PBXFileReference; lastKnownFileType = sourcecode.swift; path = LoginViewModel.swift; sourceTree = "<group>"; };
		711BB39B2B2D5427008622EF /* Extension+View.swift */ = {isa = PBXFileReference; lastKnownFileType = sourcecode.swift; path = "Extension+View.swift"; sourceTree = "<group>"; };
		711BB39E2B2D6633008622EF /* APIEndpoint.swift */ = {isa = PBXFileReference; lastKnownFileType = sourcecode.swift; path = APIEndpoint.swift; sourceTree = "<group>"; };
		711BB3A02B2D68BA008622EF /* APIManager.swift */ = {isa = PBXFileReference; lastKnownFileType = sourcecode.swift; path = APIManager.swift; sourceTree = "<group>"; };
		711BB3A32B2D6C9A008622EF /* LoginRepository.swift */ = {isa = PBXFileReference; lastKnownFileType = sourcecode.swift; path = LoginRepository.swift; sourceTree = "<group>"; };
		711BB3A62B2D6CC5008622EF /* LoginModel.swift */ = {isa = PBXFileReference; lastKnownFileType = sourcecode.swift; path = LoginModel.swift; sourceTree = "<group>"; };
		711BB3AC2B2D7C34008622EF /* UsersView.swift */ = {isa = PBXFileReference; lastKnownFileType = sourcecode.swift; path = UsersView.swift; sourceTree = "<group>"; };
		711BB3AE2B2D7C44008622EF /* UsersViewModel.swift */ = {isa = PBXFileReference; lastKnownFileType = sourcecode.swift; path = UsersViewModel.swift; sourceTree = "<group>"; };
		711BB3B02B2D84C8008622EF /* UsersRepository.swift */ = {isa = PBXFileReference; lastKnownFileType = sourcecode.swift; path = UsersRepository.swift; sourceTree = "<group>"; };
		711BB3B22B2D84FA008622EF /* UsersModel.swift */ = {isa = PBXFileReference; lastKnownFileType = sourcecode.swift; path = UsersModel.swift; sourceTree = "<group>"; };
		711BB3BB2B2D95A2008622EF /* SCMPTestTests.xctest */ = {isa = PBXFileReference; explicitFileType = wrapper.cfbundle; includeInIndex = 0; path = SCMPTestTests.xctest; sourceTree = BUILT_PRODUCTS_DIR; };
		711BB3BD2B2D95A2008622EF /* SCMPTestTests.swift */ = {isa = PBXFileReference; lastKnownFileType = sourcecode.swift; path = SCMPTestTests.swift; sourceTree = "<group>"; };
		711BB3C42B2D984F008622EF /* MockManger.swift */ = {isa = PBXFileReference; lastKnownFileType = sourcecode.swift; path = MockManger.swift; sourceTree = "<group>"; };
		711BB3C72B2D98EE008622EF /* MockUser.json */ = {isa = PBXFileReference; fileEncoding = 4; lastKnownFileType = text.json; path = MockUser.json; sourceTree = "<group>"; };
		711BB3C82B2D98EE008622EF /* MockLogin.json */ = {isa = PBXFileReference; fileEncoding = 4; lastKnownFileType = text.json; path = MockLogin.json; sourceTree = "<group>"; };
		711BB3CE2B2DA701008622EF /* ImageHelper.swift */ = {isa = PBXFileReference; lastKnownFileType = sourcecode.swift; path = ImageHelper.swift; sourceTree = "<group>"; };
/* End PBXFileReference section */

/* Begin PBXFrameworksBuildPhase section */
		711BB37C2B2D48E7008622EF /* Frameworks */ = {
			isa = PBXFrameworksBuildPhase;
			buildActionMask = 2147483647;
			files = (
			);
			runOnlyForDeploymentPostprocessing = 0;
		};
		711BB3B82B2D95A2008622EF /* Frameworks */ = {
			isa = PBXFrameworksBuildPhase;
			buildActionMask = 2147483647;
			files = (
			);
			runOnlyForDeploymentPostprocessing = 0;
		};
/* End PBXFrameworksBuildPhase section */

/* Begin PBXGroup section */
		711BB3762B2D48E7008622EF = {
			isa = PBXGroup;
			children = (
				711BB3812B2D48E7008622EF /* SCMPTest */,
				711BB3BC2B2D95A2008622EF /* SCMPTestTests */,
				711BB3802B2D48E7008622EF /* Products */,
			);
			sourceTree = "<group>";
		};
		711BB3802B2D48E7008622EF /* Products */ = {
			isa = PBXGroup;
			children = (
				711BB37F2B2D48E7008622EF /* SCMPTest.app */,
				711BB3BB2B2D95A2008622EF /* SCMPTestTests.xctest */,
			);
			name = Products;
			sourceTree = "<group>";
		};
		711BB3812B2D48E7008622EF /* SCMPTest */ = {
			isa = PBXGroup;
			children = (
				711BB3822B2D48E7008622EF /* SCMPTestApp.swift */,
				711BB3922B2D4977008622EF /* Screen */,
				711BB39D2B2D661D008622EF /* API */,
				711BB3A52B2D6CB3008622EF /* Model */,
				711BB3CD2B2DA6EA008622EF /* Helper */,
				711BB39A2B2D5411008622EF /* Extension */,
				711BB3862B2D48E9008622EF /* Assets.xcassets */,
				711BB3882B2D48E9008622EF /* Preview Content */,
			);
			path = SCMPTest;
			sourceTree = "<group>";
		};
		711BB3882B2D48E9008622EF /* Preview Content */ = {
			isa = PBXGroup;
			children = (
				711BB3892B2D48E9008622EF /* Preview Assets.xcassets */,
			);
			path = "Preview Content";
			sourceTree = "<group>";
		};
		711BB3922B2D4977008622EF /* Screen */ = {
			isa = PBXGroup;
			children = (
				711BB3942B2D49DA008622EF /* AppPath.swift */,
				711BB3962B2D4A50008622EF /* AppRouter.swift */,
				711BB3932B2D4983008622EF /* Login */,
				711BB3AB2B2D7C11008622EF /* Users */,
			);
			path = Screen;
			sourceTree = "<group>";
		};
		711BB3932B2D4983008622EF /* Login */ = {
			isa = PBXGroup;
			children = (
				711BB3842B2D48E7008622EF /* LoginView.swift */,
				711BB3982B2D503F008622EF /* LoginViewModel.swift */,
			);
			path = Login;
			sourceTree = "<group>";
		};
		711BB39A2B2D5411008622EF /* Extension */ = {
			isa = PBXGroup;
			children = (
				711BB39B2B2D5427008622EF /* Extension+View.swift */,
			);
			path = Extension;
			sourceTree = "<group>";
		};
		711BB39D2B2D661D008622EF /* API */ = {
			isa = PBXGroup;
			children = (
				711BB3A22B2D6C81008622EF /* Repository */,
				711BB39E2B2D6633008622EF /* APIEndpoint.swift */,
				711BB3A02B2D68BA008622EF /* APIManager.swift */,
			);
			path = API;
			sourceTree = "<group>";
		};
		711BB3A22B2D6C81008622EF /* Repository */ = {
			isa = PBXGroup;
			children = (
				711BB3A32B2D6C9A008622EF /* LoginRepository.swift */,
				711BB3B02B2D84C8008622EF /* UsersRepository.swift */,
			);
			path = Repository;
			sourceTree = "<group>";
		};
		711BB3A52B2D6CB3008622EF /* Model */ = {
			isa = PBXGroup;
			children = (
				711BB3C62B2D98A9008622EF /* MockReponse */,
				711BB3A62B2D6CC5008622EF /* LoginModel.swift */,
				711BB3B22B2D84FA008622EF /* UsersModel.swift */,
				711BB3C42B2D984F008622EF /* MockManger.swift */,
			);
			path = Model;
			sourceTree = "<group>";
		};
		711BB3AB2B2D7C11008622EF /* Users */ = {
			isa = PBXGroup;
			children = (
				711BB3AC2B2D7C34008622EF /* UsersView.swift */,
				711BB3AE2B2D7C44008622EF /* UsersViewModel.swift */,
			);
			path = Users;
			sourceTree = "<group>";
		};
		711BB3BC2B2D95A2008622EF /* SCMPTestTests */ = {
			isa = PBXGroup;
			children = (
				711BB3BD2B2D95A2008622EF /* SCMPTestTests.swift */,
			);
			path = SCMPTestTests;
			sourceTree = "<group>";
		};
		711BB3C62B2D98A9008622EF /* MockReponse */ = {
			isa = PBXGroup;
			children = (
				711BB3C82B2D98EE008622EF /* MockLogin.json */,
				711BB3C72B2D98EE008622EF /* MockUser.json */,
			);
			path = MockReponse;
			sourceTree = "<group>";
		};
		711BB3CD2B2DA6EA008622EF /* Helper */ = {
			isa = PBXGroup;
			children = (
				711BB3CE2B2DA701008622EF /* ImageHelper.swift */,
			);
			path = Helper;
			sourceTree = "<group>";
		};
/* End PBXGroup section */

/* Begin PBXNativeTarget section */
		711BB37E2B2D48E7008622EF /* SCMPTest */ = {
			isa = PBXNativeTarget;
			buildConfigurationList = 711BB38D2B2D48E9008622EF /* Build configuration list for PBXNativeTarget "SCMPTest" */;
			buildPhases = (
				711BB37B2B2D48E7008622EF /* Sources */,
				711BB37C2B2D48E7008622EF /* Frameworks */,
				711BB37D2B2D48E7008622EF /* Resources */,
			);
			buildRules = (
			);
			dependencies = (
			);
			name = SCMPTest;
			packageProductDependencies = (
			);
			productName = SCMPTest;
			productReference = 711BB37F2B2D48E7008622EF /* SCMPTest.app */;
			productType = "com.apple.product-type.application";
		};
		711BB3BA2B2D95A2008622EF /* SCMPTestTests */ = {
			isa = PBXNativeTarget;
			buildConfigurationList = 711BB3C12B2D95A2008622EF /* Build configuration list for PBXNativeTarget "SCMPTestTests" */;
			buildPhases = (
				711BB3B72B2D95A2008622EF /* Sources */,
				711BB3B82B2D95A2008622EF /* Frameworks */,
				711BB3B92B2D95A2008622EF /* Resources */,
			);
			buildRules = (
			);
			dependencies = (
				711BB3C02B2D95A2008622EF /* PBXTargetDependency */,
			);
			name = SCMPTestTests;
			productName = SCMPTestTests;
			productReference = 711BB3BB2B2D95A2008622EF /* SCMPTestTests.xctest */;
			productType = "com.apple.product-type.bundle.unit-test";
		};
/* End PBXNativeTarget section */

/* Begin PBXProject section */
		711BB3772B2D48E7008622EF /* Project object */ = {
			isa = PBXProject;
			attributes = {
				BuildIndependentTargetsInParallel = 1;
				LastSwiftUpdateCheck = 1500;
				LastUpgradeCheck = 1500;
				TargetAttributes = {
					711BB37E2B2D48E7008622EF = {
						CreatedOnToolsVersion = 15.0;
					};
					711BB3BA2B2D95A2008622EF = {
						CreatedOnToolsVersion = 15.0;
						TestTargetID = 711BB37E2B2D48E7008622EF;
					};
				};
			};
			buildConfigurationList = 711BB37A2B2D48E7008622EF /* Build configuration list for PBXProject "SCMPTest" */;
			compatibilityVersion = "Xcode 14.0";
			developmentRegion = en;
			hasScannedForEncodings = 0;
			knownRegions = (
				en,
				Base,
			);
			mainGroup = 711BB3762B2D48E7008622EF;
			packageReferences = (
			);
			productRefGroup = 711BB3802B2D48E7008622EF /* Products */;
			projectDirPath = "";
			projectRoot = "";
			targets = (
				711BB37E2B2D48E7008622EF /* SCMPTest */,
				711BB3BA2B2D95A2008622EF /* SCMPTestTests */,
			);
		};
/* End PBXProject section */

/* Begin PBXResourcesBuildPhase section */
		711BB37D2B2D48E7008622EF /* Resources */ = {
			isa = PBXResourcesBuildPhase;
			buildActionMask = 2147483647;
			files = (
				711BB38A2B2D48E9008622EF /* Preview Assets.xcassets in Resources */,
				711BB3CA2B2D98EE008622EF /* MockLogin.json in Resources */,
				711BB3C92B2D98EE008622EF /* MockUser.json in Resources */,
				711BB3872B2D48E9008622EF /* Assets.xcassets in Resources */,
			);
			runOnlyForDeploymentPostprocessing = 0;
		};
		711BB3B92B2D95A2008622EF /* Resources */ = {
			isa = PBXResourcesBuildPhase;
			buildActionMask = 2147483647;
			files = (
			);
			runOnlyForDeploymentPostprocessing = 0;
		};
/* End PBXResourcesBuildPhase section */

/* Begin PBXSourcesBuildPhase section */
		711BB37B2B2D48E7008622EF /* Sources */ = {
			isa = PBXSourcesBuildPhase;
			buildActionMask = 2147483647;
			files = (
				711BB3A12B2D68BA008622EF /* APIManager.swift in Sources */,
				711BB3AF2B2D7C44008622EF /* UsersViewModel.swift in Sources */,
				711BB39F2B2D6633008622EF /* APIEndpoint.swift in Sources */,
				711BB3972B2D4A50008622EF /* AppRouter.swift in Sources */,
				711BB3852B2D48E7008622EF /* LoginView.swift in Sources */,
				711BB3952B2D49DA008622EF /* AppPath.swift in Sources */,
				711BB3B32B2D84FA008622EF /* UsersModel.swift in Sources */,
				711BB3A72B2D6CC5008622EF /* LoginModel.swift in Sources */,
				711BB3992B2D503F008622EF /* LoginViewModel.swift in Sources */,
				711BB3B12B2D84C8008622EF /* UsersRepository.swift in Sources */,
				711BB39C2B2D5427008622EF /* Extension+View.swift in Sources */,
				711BB3832B2D48E7008622EF /* SCMPTestApp.swift in Sources */,
				711BB3AD2B2D7C34008622EF /* UsersView.swift in Sources */,
				711BB3A42B2D6C9A008622EF /* LoginRepository.swift in Sources */,
				711BB3C52B2D984F008622EF /* MockManger.swift in Sources */,
				711BB3CF2B2DA701008622EF /* ImageHelper.swift in Sources */,
			);
			runOnlyForDeploymentPostprocessing = 0;
		};
		711BB3B72B2D95A2008622EF /* Sources */ = {
			isa = PBXSourcesBuildPhase;
			buildActionMask = 2147483647;
			files = (
				711BB3BE2B2D95A2008622EF /* SCMPTestTests.swift in Sources */,
			);
			runOnlyForDeploymentPostprocessing = 0;
		};
/* End PBXSourcesBuildPhase section */

/* Begin PBXTargetDependency section */
		711BB3C02B2D95A2008622EF /* PBXTargetDependency */ = {
			isa = PBXTargetDependency;
			target = 711BB37E2B2D48E7008622EF /* SCMPTest */;
			targetProxy = 711BB3BF2B2D95A2008622EF /* PBXContainerItemProxy */;
		};
/* End PBXTargetDependency section */

/* Begin XCBuildConfiguration section */
		711BB38B2B2D48E9008622EF /* Debug */ = {
			isa = XCBuildConfiguration;
			buildSettings = {
				ALWAYS_SEARCH_USER_PATHS = NO;
				ASSETCATALOG_COMPILER_GENERATE_SWIFT_ASSET_SYMBOL_EXTENSIONS = YES;
				CLANG_ANALYZER_NONNULL = YES;
				CLANG_ANALYZER_NUMBER_OBJECT_CONVERSION = YES_AGGRESSIVE;
				CLANG_CXX_LANGUAGE_STANDARD = "gnu++20";
				CLANG_ENABLE_MODULES = YES;
				CLANG_ENABLE_OBJC_ARC = YES;
				CLANG_ENABLE_OBJC_WEAK = YES;
				CLANG_WARN_BLOCK_CAPTURE_AUTORELEASING = YES;
				CLANG_WARN_BOOL_CONVERSION = YES;
				CLANG_WARN_COMMA = YES;
				CLANG_WARN_CONSTANT_CONVERSION = YES;
				CLANG_WARN_DEPRECATED_OBJC_IMPLEMENTATIONS = YES;
				CLANG_WARN_DIRECT_OBJC_ISA_USAGE = YES_ERROR;
				CLANG_WARN_DOCUMENTATION_COMMENTS = YES;
				CLANG_WARN_EMPTY_BODY = YES;
				CLANG_WARN_ENUM_CONVERSION = YES;
				CLANG_WARN_INFINITE_RECURSION = YES;
				CLANG_WARN_INT_CONVERSION = YES;
				CLANG_WARN_NON_LITERAL_NULL_CONVERSION = YES;
				CLANG_WARN_OBJC_IMPLICIT_RETAIN_SELF = YES;
				CLANG_WARN_OBJC_LITERAL_CONVERSION = YES;
				CLANG_WARN_OBJC_ROOT_CLASS = YES_ERROR;
				CLANG_WARN_QUOTED_INCLUDE_IN_FRAMEWORK_HEADER = YES;
				CLANG_WARN_RANGE_LOOP_ANALYSIS = YES;
				CLANG_WARN_STRICT_PROTOTYPES = YES;
				CLANG_WARN_SUSPICIOUS_MOVE = YES;
				CLANG_WARN_UNGUARDED_AVAILABILITY = YES_AGGRESSIVE;
				CLANG_WARN_UNREACHABLE_CODE = YES;
				CLANG_WARN__DUPLICATE_METHOD_MATCH = YES;
				COPY_PHASE_STRIP = NO;
				DEBUG_INFORMATION_FORMAT = dwarf;
				ENABLE_STRICT_OBJC_MSGSEND = YES;
				ENABLE_TESTABILITY = YES;
				ENABLE_USER_SCRIPT_SANDBOXING = YES;
				GCC_C_LANGUAGE_STANDARD = gnu17;
				GCC_DYNAMIC_NO_PIC = NO;
				GCC_NO_COMMON_BLOCKS = YES;
				GCC_OPTIMIZATION_LEVEL = 0;
				GCC_PREPROCESSOR_DEFINITIONS = (
					"DEBUG=1",
					"$(inherited)",
				);
				GCC_WARN_64_TO_32_BIT_CONVERSION = YES;
				GCC_WARN_ABOUT_RETURN_TYPE = YES_ERROR;
				GCC_WARN_UNDECLARED_SELECTOR = YES;
				GCC_WARN_UNINITIALIZED_AUTOS = YES_AGGRESSIVE;
				GCC_WARN_UNUSED_FUNCTION = YES;
				GCC_WARN_UNUSED_VARIABLE = YES;
				IPHONEOS_DEPLOYMENT_TARGET = 17.0;
				LOCALIZATION_PREFERS_STRING_CATALOGS = YES;
				MTL_ENABLE_DEBUG_INFO = INCLUDE_SOURCE;
				MTL_FAST_MATH = YES;
				ONLY_ACTIVE_ARCH = YES;
				SDKROOT = iphoneos;
				SWIFT_ACTIVE_COMPILATION_CONDITIONS = "DEBUG $(inherited)";
				SWIFT_OPTIMIZATION_LEVEL = "-Onone";
			};
			name = Debug;
		};
		711BB38C2B2D48E9008622EF /* Release */ = {
			isa = XCBuildConfiguration;
			buildSettings = {
				ALWAYS_SEARCH_USER_PATHS = NO;
				ASSETCATALOG_COMPILER_GENERATE_SWIFT_ASSET_SYMBOL_EXTENSIONS = YES;
				CLANG_ANALYZER_NONNULL = YES;
				CLANG_ANALYZER_NUMBER_OBJECT_CONVERSION = YES_AGGRESSIVE;
				CLANG_CXX_LANGUAGE_STANDARD = "gnu++20";
				CLANG_ENABLE_MODULES = YES;
				CLANG_ENABLE_OBJC_ARC = YES;
				CLANG_ENABLE_OBJC_WEAK = YES;
				CLANG_WARN_BLOCK_CAPTURE_AUTORELEASING = YES;
				CLANG_WARN_BOOL_CONVERSION = YES;
				CLANG_WARN_COMMA = YES;
				CLANG_WARN_CONSTANT_CONVERSION = YES;
				CLANG_WARN_DEPRECATED_OBJC_IMPLEMENTATIONS = YES;
				CLANG_WARN_DIRECT_OBJC_ISA_USAGE = YES_ERROR;
				CLANG_WARN_DOCUMENTATION_COMMENTS = YES;
				CLANG_WARN_EMPTY_BODY = YES;
				CLANG_WARN_ENUM_CONVERSION = YES;
				CLANG_WARN_INFINITE_RECURSION = YES;
				CLANG_WARN_INT_CONVERSION = YES;
				CLANG_WARN_NON_LITERAL_NULL_CONVERSION = YES;
				CLANG_WARN_OBJC_IMPLICIT_RETAIN_SELF = YES;
				CLANG_WARN_OBJC_LITERAL_CONVERSION = YES;
				CLANG_WARN_OBJC_ROOT_CLASS = YES_ERROR;
				CLANG_WARN_QUOTED_INCLUDE_IN_FRAMEWORK_HEADER = YES;
				CLANG_WARN_RANGE_LOOP_ANALYSIS = YES;
				CLANG_WARN_STRICT_PROTOTYPES = YES;
				CLANG_WARN_SUSPICIOUS_MOVE = YES;
				CLANG_WARN_UNGUARDED_AVAILABILITY = YES_AGGRESSIVE;
				CLANG_WARN_UNREACHABLE_CODE = YES;
				CLANG_WARN__DUPLICATE_METHOD_MATCH = YES;
				COPY_PHASE_STRIP = NO;
				DEBUG_INFORMATION_FORMAT = "dwarf-with-dsym";
				ENABLE_NS_ASSERTIONS = NO;
				ENABLE_STRICT_OBJC_MSGSEND = YES;
				ENABLE_USER_SCRIPT_SANDBOXING = YES;
				GCC_C_LANGUAGE_STANDARD = gnu17;
				GCC_NO_COMMON_BLOCKS = YES;
				GCC_WARN_64_TO_32_BIT_CONVERSION = YES;
				GCC_WARN_ABOUT_RETURN_TYPE = YES_ERROR;
				GCC_WARN_UNDECLARED_SELECTOR = YES;
				GCC_WARN_UNINITIALIZED_AUTOS = YES_AGGRESSIVE;
				GCC_WARN_UNUSED_FUNCTION = YES;
				GCC_WARN_UNUSED_VARIABLE = YES;
				IPHONEOS_DEPLOYMENT_TARGET = 17.0;
				LOCALIZATION_PREFERS_STRING_CATALOGS = YES;
				MTL_ENABLE_DEBUG_INFO = NO;
				MTL_FAST_MATH = YES;
				SDKROOT = iphoneos;
				SWIFT_COMPILATION_MODE = wholemodule;
				VALIDATE_PRODUCT = YES;
			};
			name = Release;
		};
		711BB38E2B2D48E9008622EF /* Debug */ = {
			isa = XCBuildConfiguration;
			buildSettings = {
				ASSETCATALOG_COMPILER_APPICON_NAME = AppIcon;
				ASSETCATALOG_COMPILER_GLOBAL_ACCENT_COLOR_NAME = AccentColor;
				CODE_SIGN_STYLE = Automatic;
				CURRENT_PROJECT_VERSION = 1;
				DEVELOPMENT_ASSET_PATHS = "\"SCMPTest/Preview Content\"";
				DEVELOPMENT_TEAM = Z89N5SPF3P;
				ENABLE_PREVIEWS = YES;
				GENERATE_INFOPLIST_FILE = YES;
				INFOPLIST_KEY_UIApplicationSceneManifest_Generation = YES;
				INFOPLIST_KEY_UIApplicationSupportsIndirectInputEvents = YES;
				INFOPLIST_KEY_UILaunchScreen_Generation = YES;
				INFOPLIST_KEY_UISupportedInterfaceOrientations_iPad = "UIInterfaceOrientationPortrait UIInterfaceOrientationPortraitUpsideDown UIInterfaceOrientationLandscapeLeft UIInterfaceOrientationLandscapeRight";
				INFOPLIST_KEY_UISupportedInterfaceOrientations_iPhone = "UIInterfaceOrientationPortrait UIInterfaceOrientationLandscapeLeft UIInterfaceOrientationLandscapeRight";
				IPHONEOS_DEPLOYMENT_TARGET = 16.0;
				LD_RUNPATH_SEARCH_PATHS = (
					"$(inherited)",
					"@executable_path/Frameworks",
				);
				MARKETING_VERSION = 1.0;
				PRODUCT_BUNDLE_IDENTIFIER = SMP.Test.com.SCMPTest;
				PRODUCT_NAME = "$(TARGET_NAME)";
				SWIFT_EMIT_LOC_STRINGS = YES;
				SWIFT_VERSION = 5.0;
				TARGETED_DEVICE_FAMILY = "1,2";
			};
			name = Debug;
		};
		711BB38F2B2D48E9008622EF /* Release */ = {
			isa = XCBuildConfiguration;
			buildSettings = {
				ASSETCATALOG_COMPILER_APPICON_NAME = AppIcon;
				ASSETCATALOG_COMPILER_GLOBAL_ACCENT_COLOR_NAME = AccentColor;
				CODE_SIGN_STYLE = Automatic;
				CURRENT_PROJECT_VERSION = 1;
				DEVELOPMENT_ASSET_PATHS = "\"SCMPTest/Preview Content\"";
				DEVELOPMENT_TEAM = Z89N5SPF3P;
				ENABLE_PREVIEWS = YES;
				GENERATE_INFOPLIST_FILE = YES;
				INFOPLIST_KEY_UIApplicationSceneManifest_Generation = YES;
				INFOPLIST_KEY_UIApplicationSupportsIndirectInputEvents = YES;
				INFOPLIST_KEY_UILaunchScreen_Generation = YES;
				INFOPLIST_KEY_UISupportedInterfaceOrientations_iPad = "UIInterfaceOrientationPortrait UIInterfaceOrientationPortraitUpsideDown UIInterfaceOrientationLandscapeLeft UIInterfaceOrientationLandscapeRight";
				INFOPLIST_KEY_UISupportedInterfaceOrientations_iPhone = "UIInterfaceOrientationPortrait UIInterfaceOrientationLandscapeLeft UIInterfaceOrientationLandscapeRight";
				IPHONEOS_DEPLOYMENT_TARGET = 16.0;
				LD_RUNPATH_SEARCH_PATHS = (
					"$(inherited)",
					"@executable_path/Frameworks",
				);
				MARKETING_VERSION = 1.0;
				PRODUCT_BUNDLE_IDENTIFIER = SMP.Test.com.SCMPTest;
				PRODUCT_NAME = "$(TARGET_NAME)";
				SWIFT_EMIT_LOC_STRINGS = YES;
				SWIFT_VERSION = 5.0;
				TARGETED_DEVICE_FAMILY = "1,2";
			};
			name = Release;
		};
		711BB3C22B2D95A2008622EF /* Debug */ = {
			isa = XCBuildConfiguration;
			buildSettings = {
				BUNDLE_LOADER = "$(TEST_HOST)";
				CODE_SIGN_STYLE = Automatic;
				CURRENT_PROJECT_VERSION = 1;
				DEVELOPMENT_TEAM = Z89N5SPF3P;
				GENERATE_INFOPLIST_FILE = YES;
				MARKETING_VERSION = 1.0;
				PRODUCT_BUNDLE_IDENTIFIER = SMP.Test.com.SCMPTestTests;
				PRODUCT_NAME = "$(TARGET_NAME)";
				SWIFT_EMIT_LOC_STRINGS = NO;
				SWIFT_VERSION = 5.0;
				TARGETED_DEVICE_FAMILY = "1,2";
				TEST_HOST = "$(BUILT_PRODUCTS_DIR)/SCMPTest.app/$(BUNDLE_EXECUTABLE_FOLDER_PATH)/SCMPTest";
			};
			name = Debug;
		};
		711BB3C32B2D95A2008622EF /* Release */ = {
			isa = XCBuildConfiguration;
			buildSettings = {
				BUNDLE_LOADER = "$(TEST_HOST)";
				CODE_SIGN_STYLE = Automatic;
				CURRENT_PROJECT_VERSION = 1;
				DEVELOPMENT_TEAM = Z89N5SPF3P;
				GENERATE_INFOPLIST_FILE = YES;
				MARKETING_VERSION = 1.0;
				PRODUCT_BUNDLE_IDENTIFIER = SMP.Test.com.SCMPTestTests;
				PRODUCT_NAME = "$(TARGET_NAME)";
				SWIFT_EMIT_LOC_STRINGS = NO;
				SWIFT_VERSION = 5.0;
				TARGETED_DEVICE_FAMILY = "1,2";
				TEST_HOST = "$(BUILT_PRODUCTS_DIR)/SCMPTest.app/$(BUNDLE_EXECUTABLE_FOLDER_PATH)/SCMPTest";
			};
			name = Release;
		};
/* End XCBuildConfiguration section */

/* Begin XCConfigurationList section */
		711BB37A2B2D48E7008622EF /* Build configuration list for PBXProject "SCMPTest" */ = {
			isa = XCConfigurationList;
			buildConfigurations = (
				711BB38B2B2D48E9008622EF /* Debug */,
				711BB38C2B2D48E9008622EF /* Release */,
			);
			defaultConfigurationIsVisible = 0;
			defaultConfigurationName = Release;
		};
		711BB38D2B2D48E9008622EF /* Build configuration list for PBXNativeTarget "SCMPTest" */ = {
			isa = XCConfigurationList;
			buildConfigurations = (
				711BB38E2B2D48E9008622EF /* Debug */,
				711BB38F2B2D48E9008622EF /* Release */,
			);
			defaultConfigurationIsVisible = 0;
			defaultConfigurationName = Release;
		};
		711BB3C12B2D95A2008622EF /* Build configuration list for PBXNativeTarget "SCMPTestTests" */ = {
			isa = XCConfigurationList;
			buildConfigurations = (
				711BB3C22B2D95A2008622EF /* Debug */,
				711BB3C32B2D95A2008622EF /* Release */,
			);
			defaultConfigurationIsVisible = 0;
			defaultConfigurationName = Release;
		};
/* End XCConfigurationList section */
	};
	rootObject = 711BB3772B2D48E7008622EF /* Project object */;
}
